
Microsoft Visual Studio Solution File, Format Version 12.00
# Visual Studio Express 2012 for Web
Project("{FAE04EC0-301F-11D3-BF4B-00C04F79EFBC}") = "AngularWithPartialViewViews", "AngularWithPartialViewViews\AngularWithPartialViewViews.csproj", "{9BE19A6D-7A59-47A4-9DA3-F4B7C758BEF3}"
EndProject
Global
	GlobalSection(SolutionConfigurationPlatforms) = preSolution
		Debug|Any CPU = Debug|Any CPU
		Release|Any CPU = Release|Any CPU
	EndGlobalSection
	GlobalSection(ProjectConfigurationPlatforms) = postSolution
		{9BE19A6D-7A59-47A4-9DA3-F4B7C758BEF3}.Debug|Any CPU.ActiveCfg = Debug|Any CPU
		{9BE19A6D-7A59-47A4-9DA3-F4B7C758BEF3}.Debug|Any CPU.Build.0 = Debug|Any CPU
		{9BE19A6D-7A59-47A4-9DA3-F4B7C758BEF3}.Release|Any CPU.ActiveCfg = Release|Any CPU
		{9BE19A6D-7A59-47A4-9DA3-F4B7C758BEF3}.Release|Any CPU.Build.0 = Release|Any CPU
	EndGlobalSection
	GlobalSection(SolutionProperties) = preSolution
		HideSolutionNode = FALSE
	EndGlobalSection
EndGlobal
